
Microsoft Visual Studio Solution File, Format Version 12.00
# Visual Studio 14
VisualStudioVersion = 14.0.25420.1
MinimumVisualStudioVersion = 10.0.40219.1
Project("{FAE04EC0-301F-11D3-BF4B-00C04F79EFBC}") = "MakeSourceImage", "MakeSourceImage\MakeSourceImage.csproj", "{8B66ADAF-CFB8-47F3-8A8F-FD44B6A70F3E}"
EndProject
Project("{FAE04EC0-301F-11D3-BF4B-00C04F79EFBC}") = "ProcessingImage", "ProcessingImage\ProcessingImage.csproj", "{90AB7B75-2D5C-4D58-A181-A1C779CC18F2}"
EndProject
Global
	GlobalSection(SolutionConfigurationPlatforms) = preSolution
		Debug|Any CPU = Debug|Any CPU
		Release|Any CPU = Release|Any CPU
	EndGlobalSection
	GlobalSection(ProjectConfigurationPlatforms) = postSolution
		{8B66ADAF-CFB8-47F3-8A8F-FD44B6A70F3E}.Debug|Any CPU.ActiveCfg = Debug|Any CPU
		{8B66ADAF-CFB8-47F3-8A8F-FD44B6A70F3E}.Debug|Any CPU.Build.0 = Debug|Any CPU
		{8B66ADAF-CFB8-47F3-8A8F-FD44B6A70F3E}.Release|Any CPU.ActiveCfg = Release|Any CPU
		{8B66ADAF-CFB8-47F3-8A8F-FD44B6A70F3E}.Release|Any CPU.Build.0 = Release|Any CPU
		{90AB7B75-2D5C-4D58-A181-A1C779CC18F2}.Debug|Any CPU.ActiveCfg = Debug|Any CPU
		{90AB7B75-2D5C-4D58-A181-A1C779CC18F2}.Debug|Any CPU.Build.0 = Debug|Any CPU
		{90AB7B75-2D5C-4D58-A181-A1C779CC18F2}.Release|Any CPU.ActiveCfg = Release|Any CPU
		{90AB7B75-2D5C-4D58-A181-A1C779CC18F2}.Release|Any CPU.Build.0 = Release|Any CPU
	EndGlobalSection
	GlobalSection(SolutionProperties) = preSolution
		HideSolutionNode = FALSE
	EndGlobalSection
EndGlobal
